
Microsoft Visual Studio Solution File, Format Version 12.00
# Visual Studio Version 17
VisualStudioVersion = 17.8.34330.188
MinimumVisualStudioVersion = 10.0.40219.1
Project("{FAE04EC0-301F-11D3-BF4B-00C04F79EFBC}") = "StronglyTypedViews", "StronglyTypedViews\StronglyTypedViews.csproj", "{B36B80E6-B16D-4A9D-9750-E13664B367DC}"
EndProject
Global
	GlobalSection(SolutionConfigurationPlatforms) = preSolution
		Debug|Any CPU = Debug|Any CPU
		Release|Any CPU = Release|Any CPU
	EndGlobalSection
	GlobalSection(ProjectConfigurationPlatforms) = postSolution
		{B36B80E6-B16D-4A9D-9750-E13664B367DC}.Debug|Any CPU.ActiveCfg = Debug|Any CPU
		{B36B80E6-B16D-4A9D-9750-E13664B367DC}.Debug|Any CPU.Build.0 = Debug|Any CPU
		{B36B80E6-B16D-4A9D-9750-E13664B367DC}.Release|Any CPU.ActiveCfg = Release|Any CPU
		{B36B80E6-B16D-4A9D-9750-E13664B367DC}.Release|Any CPU.Build.0 = Release|Any CPU
	EndGlobalSection
	GlobalSection(SolutionProperties) = preSolution
		HideSolutionNode = FALSE
	EndGlobalSection
	GlobalSection(ExtensibilityGlobals) = postSolution
		SolutionGuid = {2CE54E70-FB2E-4648-A135-E5D03AE90879}
	EndGlobalSection
EndGlobal
