
Microsoft Visual Studio Solution File, Format Version 12.00
# Visual Studio Version 17
VisualStudioVersion = 17.5.002.0
MinimumVisualStudioVersion = 10.0.40219.1
Project("{9A19103F-16F7-4668-BE54-9A1E7A4F7556}") = "CollectionApp", "CollectionApp.csproj", "{0900D38F-7CAF-44DC-93B8-723B319FAA16}"
EndProject
Global
	GlobalSection(SolutionConfigurationPlatforms) = preSolution
		Debug|Any CPU = Debug|Any CPU
		Release|Any CPU = Release|Any CPU
	EndGlobalSection
	GlobalSection(ProjectConfigurationPlatforms) = postSolution
		{0900D38F-7CAF-44DC-93B8-723B319FAA16}.Debug|Any CPU.ActiveCfg = Debug|Any CPU
		{0900D38F-7CAF-44DC-93B8-723B319FAA16}.Debug|Any CPU.Build.0 = Debug|Any CPU
		{0900D38F-7CAF-44DC-93B8-723B319FAA16}.Release|Any CPU.ActiveCfg = Release|Any CPU
		{0900D38F-7CAF-44DC-93B8-723B319FAA16}.Release|Any CPU.Build.0 = Release|Any CPU
	EndGlobalSection
	GlobalSection(SolutionProperties) = preSolution
		HideSolutionNode = FALSE
	EndGlobalSection
	GlobalSection(ExtensibilityGlobals) = postSolution
		SolutionGuid = {A7FA476E-0FD0-4B0B-AABE-D32D89898E61}
	EndGlobalSection
EndGlobal
