
Microsoft Visual Studio Solution File, Format Version 12.00
# Visual Studio Version 17
VisualStudioVersion = 17.8.34330.188
MinimumVisualStudioVersion = 10.0.40219.1
Project("{FAE04EC0-301F-11D3-BF4B-00C04F79EFBC}") = "CRUDAppUsingADO", "CRUDAppUsingADO\CRUDAppUsingADO.csproj", "{7D6385A6-1FCC-4E15-9F62-E3DCDCFFE73E}"
EndProject
Global
	GlobalSection(SolutionConfigurationPlatforms) = preSolution
		Debug|Any CPU = Debug|Any CPU
		Release|Any CPU = Release|Any CPU
	EndGlobalSection
	GlobalSection(ProjectConfigurationPlatforms) = postSolution
		{7D6385A6-1FCC-4E15-9F62-E3DCDCFFE73E}.Debug|Any CPU.ActiveCfg = Debug|Any CPU
		{7D6385A6-1FCC-4E15-9F62-E3DCDCFFE73E}.Debug|Any CPU.Build.0 = Debug|Any CPU
		{7D6385A6-1FCC-4E15-9F62-E3DCDCFFE73E}.Release|Any CPU.ActiveCfg = Release|Any CPU
		{7D6385A6-1FCC-4E15-9F62-E3DCDCFFE73E}.Release|Any CPU.Build.0 = Release|Any CPU
	EndGlobalSection
	GlobalSection(SolutionProperties) = preSolution
		HideSolutionNode = FALSE
	EndGlobalSection
	GlobalSection(ExtensibilityGlobals) = postSolution
		SolutionGuid = {A562BEAB-406C-4480-9B70-908F96FED2FB}
	EndGlobalSection
EndGlobal
