
Microsoft Visual Studio Solution File, Format Version 12.00
# Visual Studio Version 17
VisualStudioVersion = 17.8.34330.188
MinimumVisualStudioVersion = 10.0.40219.1
Project("{FAE04EC0-301F-11D3-BF4B-00C04F79EFBC}") = "ModelDataFromControllerToView", "ModelDataFromControllerToView\ModelDataFromControllerToView.csproj", "{230BFB80-9ED9-4682-8E92-DE7F8954604B}"
EndProject
Global
	GlobalSection(SolutionConfigurationPlatforms) = preSolution
		Debug|Any CPU = Debug|Any CPU
		Release|Any CPU = Release|Any CPU
	EndGlobalSection
	GlobalSection(ProjectConfigurationPlatforms) = postSolution
		{230BFB80-9ED9-4682-8E92-DE7F8954604B}.Debug|Any CPU.ActiveCfg = Debug|Any CPU
		{230BFB80-9ED9-4682-8E92-DE7F8954604B}.Debug|Any CPU.Build.0 = Debug|Any CPU
		{230BFB80-9ED9-4682-8E92-DE7F8954604B}.Release|Any CPU.ActiveCfg = Release|Any CPU
		{230BFB80-9ED9-4682-8E92-DE7F8954604B}.Release|Any CPU.Build.0 = Release|Any CPU
	EndGlobalSection
	GlobalSection(SolutionProperties) = preSolution
		HideSolutionNode = FALSE
	EndGlobalSection
	GlobalSection(ExtensibilityGlobals) = postSolution
		SolutionGuid = {EA66ACDC-1ECE-42AD-9820-14742609700A}
	EndGlobalSection
EndGlobal
