
Microsoft Visual Studio Solution File, Format Version 12.00
# Visual Studio Version 17
VisualStudioVersion = 17.8.34330.188
MinimumVisualStudioVersion = 10.0.40219.1
Project("{FAE04EC0-301F-11D3-BF4B-00C04F79EFBC}") = "ImageTagHelpers", "ImageTagHelpers\ImageTagHelpers.csproj", "{87751015-70BA-4465-A0AB-2ABA1C1E88FD}"
EndProject
Global
	GlobalSection(SolutionConfigurationPlatforms) = preSolution
		Debug|Any CPU = Debug|Any CPU
		Release|Any CPU = Release|Any CPU
	EndGlobalSection
	GlobalSection(ProjectConfigurationPlatforms) = postSolution
		{87751015-70BA-4465-A0AB-2ABA1C1E88FD}.Debug|Any CPU.ActiveCfg = Debug|Any CPU
		{87751015-70BA-4465-A0AB-2ABA1C1E88FD}.Debug|Any CPU.Build.0 = Debug|Any CPU
		{87751015-70BA-4465-A0AB-2ABA1C1E88FD}.Release|Any CPU.ActiveCfg = Release|Any CPU
		{87751015-70BA-4465-A0AB-2ABA1C1E88FD}.Release|Any CPU.Build.0 = Release|Any CPU
	EndGlobalSection
	GlobalSection(SolutionProperties) = preSolution
		HideSolutionNode = FALSE
	EndGlobalSection
	GlobalSection(ExtensibilityGlobals) = postSolution
		SolutionGuid = {9B6595CE-C325-4409-9528-D33F0F33B43A}
	EndGlobalSection
EndGlobal
