
Microsoft Visual Studio Solution File, Format Version 12.00
# Visual Studio Version 17
VisualStudioVersion = 17.8.34330.188
MinimumVisualStudioVersion = 10.0.40219.1
Project("{FAE04EC0-301F-11D3-BF4B-00C04F79EFBC}") = "BindingDDLWithDatabase", "BindingDDLWithDatabase\BindingDDLWithDatabase.csproj", "{76B99656-3D5E-453C-A9A0-FEB9EDBE39D1}"
EndProject
Global
	GlobalSection(SolutionConfigurationPlatforms) = preSolution
		Debug|Any CPU = Debug|Any CPU
		Release|Any CPU = Release|Any CPU
	EndGlobalSection
	GlobalSection(ProjectConfigurationPlatforms) = postSolution
		{76B99656-3D5E-453C-A9A0-FEB9EDBE39D1}.Debug|Any CPU.ActiveCfg = Debug|Any CPU
		{76B99656-3D5E-453C-A9A0-FEB9EDBE39D1}.Debug|Any CPU.Build.0 = Debug|Any CPU
		{76B99656-3D5E-453C-A9A0-FEB9EDBE39D1}.Release|Any CPU.ActiveCfg = Release|Any CPU
		{76B99656-3D5E-453C-A9A0-FEB9EDBE39D1}.Release|Any CPU.Build.0 = Release|Any CPU
	EndGlobalSection
	GlobalSection(SolutionProperties) = preSolution
		HideSolutionNode = FALSE
	EndGlobalSection
	GlobalSection(ExtensibilityGlobals) = postSolution
		SolutionGuid = {583F1A9B-9537-4970-BAC1-A6B56F081EC1}
	EndGlobalSection
EndGlobal
